
Microsoft Visual Studio Solution File, Format Version 12.00
# Visual Studio Version 17
VisualStudioVersion = 17.10.35013.160
MinimumVisualStudioVersion = 10.0.40219.1
Project("{FAE04EC0-301F-11D3-BF4B-00C04F79EFBC}") = "SPMemory", "SPMemory\SPMemory.csproj", "{65137F25-A04A-4166-AD0A-18BF05F250F7}"
EndProject
Global
	GlobalSection(SolutionConfigurationPlatforms) = preSolution
		Debug|Any CPU = Debug|Any CPU
		Release|Any CPU = Release|Any CPU
	EndGlobalSection
	GlobalSection(ProjectConfigurationPlatforms) = postSolution
		{65137F25-A04A-4166-AD0A-18BF05F250F7}.Debug|Any CPU.ActiveCfg = Debug|Any CPU
		{65137F25-A04A-4166-AD0A-18BF05F250F7}.Debug|Any CPU.Build.0 = Debug|Any CPU
		{65137F25-A04A-4166-AD0A-18BF05F250F7}.Release|Any CPU.ActiveCfg = Release|Any CPU
		{65137F25-A04A-4166-AD0A-18BF05F250F7}.Release|Any CPU.Build.0 = Release|Any CPU
	EndGlobalSection
	GlobalSection(SolutionProperties) = preSolution
		HideSolutionNode = FALSE
	EndGlobalSection
	GlobalSection(ExtensibilityGlobals) = postSolution
		SolutionGuid = {A2498075-5EDE-4817-A169-2929B02A4226}
	EndGlobalSection
EndGlobal
